Microsoft Visual Studio Solution File, Format Version 12.00
# Visual Studio 15
VisualStudioVersion = 15.0.28307.1082
MinimumVisualStudioVersion = 10.0.40219.1
Project("{FAE04EC0-301F-11D3-BF4B-00C04F79EFBC}") = "Backup", "Backup.csproj", "{DD64551A-0F42-4606-82C3-0A98B502E3E2}"
	ProjectSection(ProjectDependencies) = postProject
		{3C1472AA-BD69-40E3-B226-0B172275FAB5} = {3C1472AA-BD69-40E3-B226-0B172275FAB5}
	EndProjectSection
EndProject
Project("{FAE04EC0-301F-11D3-BF4B-00C04F79EFBC}") = "Shared", "..\Common\shared\Shared.csproj", "{3C1472AA-BD69-40E3-B226-0B172275FAB5}"
EndProject
Global
	GlobalSection(SolutionConfigurationPlatforms) = preSolution
		Debug Auto|Any CPU = Debug Auto|Any CPU
		Debug Batch|Any CPU = Debug Batch|Any CPU
		Debug Output|Any CPU = Debug Output|Any CPU
		Debug PC Version|Any CPU = Debug PC Version|Any CPU
		Debug XML|Any CPU = Debug XML|Any CPU
		Debug_noNI|Any CPU = Debug_noNI|Any CPU
		Debug_USBCAN|Any CPU = Debug_USBCAN|Any CPU
		Debug|Any CPU = Debug|Any CPU
		DebugAuto|Any CPU = DebugAuto|Any CPU
		DebugEbers|Any CPU = DebugEbers|Any CPU
		DebugFlex|Any CPU = DebugFlex|Any CPU
		DebugGraph|Any CPU = DebugGraph|Any CPU
		DebugPeak|Any CPU = DebugPeak|Any CPU
		DebugVCAN|Any CPU = DebugVCAN|Any CPU
		None|Any CPU = None|Any CPU
		Release PC Version|Any CPU = Release PC Version|Any CPU
		Release_noNI|Any CPU = Release_noNI|Any CPU
		Release|Any CPU = Release|Any CPU
		ReleaseEbers|Any CPU = ReleaseEbers|Any CPU
		ReleasePeak|Any CPU = ReleasePeak|Any CPU
	EndGlobalSection
	GlobalSection(ProjectConfigurationPlatforms) = postSolution
		{DD64551A-0F42-4606-82C3-0A98B502E3E2}.Debug Auto|Any CPU.ActiveCfg = Debug|Any CPU
		{DD64551A-0F42-4606-82C3-0A98B502E3E2}.Debug Auto|Any CPU.Build.0 = Debug|Any CPU
		{DD64551A-0F42-4606-82C3-0A98B502E3E2}.Debug Batch|Any CPU.ActiveCfg = Debug|Any CPU
		{DD64551A-0F42-4606-82C3-0A98B502E3E2}.Debug Batch|Any CPU.Build.0 = Debug|Any CPU
		{DD64551A-0F42-4606-82C3-0A98B502E3E2}.Debug Output|Any CPU.ActiveCfg = Debug|Any CPU
		{DD64551A-0F42-4606-82C3-0A98B502E3E2}.Debug Output|Any CPU.Build.0 = Debug|Any CPU
		{DD64551A-0F42-4606-82C3-0A98B502E3E2}.Debug PC Version|Any CPU.ActiveCfg = Debug|Any CPU
		{DD64551A-0F42-4606-82C3-0A98B502E3E2}.Debug PC Version|Any CPU.Build.0 = Debug|Any CPU
		{DD64551A-0F42-4606-82C3-0A98B502E3E2}.Debug XML|Any CPU.ActiveCfg = Debug|Any CPU
		{DD64551A-0F42-4606-82C3-0A98B502E3E2}.Debug XML|Any CPU.Build.0 = Debug|Any CPU
		{DD64551A-0F42-4606-82C3-0A98B502E3E2}.Debug_noNI|Any CPU.ActiveCfg = Debug|Any CPU
		{DD64551A-0F42-4606-82C3-0A98B502E3E2}.Debug_noNI|Any CPU.Build.0 = Debug|Any CPU
		{DD64551A-0F42-4606-82C3-0A98B502E3E2}.Debug_USBCAN|Any CPU.ActiveCfg = Debug|Any CPU
		{DD64551A-0F42-4606-82C3-0A98B502E3E2}.Debug_USBCAN|Any CPU.Build.0 = Debug|Any CPU
		{DD64551A-0F42-4606-82C3-0A98B502E3E2}.Debug|Any CPU.ActiveCfg = Debug|Any CPU
		{DD64551A-0F42-4606-82C3-0A98B502E3E2}.Debug|Any CPU.Build.0 = Debug|Any CPU
		{DD64551A-0F42-4606-82C3-0A98B502E3E2}.DebugAuto|Any CPU.ActiveCfg = Debug|Any CPU
		{DD64551A-0F42-4606-82C3-0A98B502E3E2}.DebugAuto|Any CPU.Build.0 = Debug|Any CPU
		{DD64551A-0F42-4606-82C3-0A98B502E3E2}.DebugEbers|Any CPU.ActiveCfg = Debug|Any CPU
		{DD64551A-0F42-4606-82C3-0A98B502E3E2}.DebugEbers|Any CPU.Build.0 = Debug|Any CPU
		{DD64551A-0F42-4606-82C3-0A98B502E3E2}.DebugFlex|Any CPU.ActiveCfg = Debug|Any CPU
		{DD64551A-0F42-4606-82C3-0A98B502E3E2}.DebugFlex|Any CPU.Build.0 = Debug|Any CPU
		{DD64551A-0F42-4606-82C3-0A98B502E3E2}.DebugGraph|Any CPU.ActiveCfg = Debug|Any CPU
		{DD64551A-0F42-4606-82C3-0A98B502E3E2}.DebugGraph|Any CPU.Build.0 = Debug|Any CPU
		{DD64551A-0F42-4606-82C3-0A98B502E3E2}.DebugPeak|Any CPU.ActiveCfg = Debug|Any CPU
		{DD64551A-0F42-4606-82C3-0A98B502E3E2}.DebugPeak|Any CPU.Build.0 = Debug|Any CPU
		{DD64551A-0F42-4606-82C3-0A98B502E3E2}.DebugVCAN|Any CPU.ActiveCfg = Debug|Any CPU
		{DD64551A-0F42-4606-82C3-0A98B502E3E2}.DebugVCAN|Any CPU.Build.0 = Debug|Any CPU
		{DD64551A-0F42-4606-82C3-0A98B502E3E2}.None|Any CPU.ActiveCfg = None|Any CPU
		{DD64551A-0F42-4606-82C3-0A98B502E3E2}.Release PC Version|Any CPU.ActiveCfg = Release|Any CPU
		{DD64551A-0F42-4606-82C3-0A98B502E3E2}.Release PC Version|Any CPU.Build.0 = Release|Any CPU
		{DD64551A-0F42-4606-82C3-0A98B502E3E2}.Release_noNI|Any CPU.ActiveCfg = Release|Any CPU
		{DD64551A-0F42-4606-82C3-0A98B502E3E2}.Release_noNI|Any CPU.Build.0 = Release|Any CPU
		{DD64551A-0F42-4606-82C3-0A98B502E3E2}.Release|Any CPU.ActiveCfg = Release|Any CPU
		{DD64551A-0F42-4606-82C3-0A98B502E3E2}.Release|Any CPU.Build.0 = Release|Any CPU
		{DD64551A-0F42-4606-82C3-0A98B502E3E2}.ReleaseEbers|Any CPU.ActiveCfg = Release|Any CPU
		{DD64551A-0F42-4606-82C3-0A98B502E3E2}.ReleaseEbers|Any CPU.Build.0 = Release|Any CPU
		{DD64551A-0F42-4606-82C3-0A98B502E3E2}.ReleasePeak|Any CPU.ActiveCfg = Release|Any CPU
		{DD64551A-0F42-4606-82C3-0A98B502E3E2}.ReleasePeak|Any CPU.Build.0 = Release|Any CPU
		{3C1472AA-BD69-40E3-B226-0B172275FAB5}.Debug Auto|Any CPU.ActiveCfg = Debug Auto|Any CPU
		{3C1472AA-BD69-40E3-B226-0B172275FAB5}.Debug Auto|Any CPU.Build.0 = Debug Auto|Any CPU
		{3C1472AA-BD69-40E3-B226-0B172275FAB5}.Debug Batch|Any CPU.ActiveCfg = Debug Batch|Any CPU
		{3C1472AA-BD69-40E3-B226-0B172275FAB5}.Debug Batch|Any CPU.Build.0 = Debug Batch|Any CPU
		{3C1472AA-BD69-40E3-B226-0B172275FAB5}.Debug Output|Any CPU.ActiveCfg = Debug Output|Any CPU
		{3C1472AA-BD69-40E3-B226-0B172275FAB5}.Debug Output|Any CPU.Build.0 = Debug Output|Any CPU
		{3C1472AA-BD69-40E3-B226-0B172275FAB5}.Debug PC Version|Any CPU.ActiveCfg = Debug PC Version|Any CPU
		{3C1472AA-BD69-40E3-B226-0B172275FAB5}.Debug PC Version|Any CPU.Build.0 = Debug PC Version|Any CPU
		{3C1472AA-BD69-40E3-B226-0B172275FAB5}.Debug XML|Any CPU.ActiveCfg = Debug XML|Any CPU
		{3C1472AA-BD69-40E3-B226-0B172275FAB5}.Debug XML|Any CPU.Build.0 = Debug XML|Any CPU
		{3C1472AA-BD69-40E3-B226-0B172275FAB5}.Debug_noNI|Any CPU.ActiveCfg = Debug_noNI|Any CPU
		{3C1472AA-BD69-40E3-B226-0B172275FAB5}.Debug_noNI|Any CPU.Build.0 = Debug_noNI|Any CPU
		{3C1472AA-BD69-40E3-B226-0B172275FAB5}.Debug_USBCAN|Any CPU.ActiveCfg = Debug_USBCAN|Any CPU
		{3C1472AA-BD69-40E3-B226-0B172275FAB5}.Debug_USBCAN|Any CPU.Build.0 = Debug_USBCAN|Any CPU
		{3C1472AA-BD69-40E3-B226-0B172275FAB5}.Debug|Any CPU.ActiveCfg = Debug|Any CPU
		{3C1472AA-BD69-40E3-B226-0B172275FAB5}.Debug|Any CPU.Build.0 = Debug|Any CPU
		{3C1472AA-BD69-40E3-B226-0B172275FAB5}.DebugAuto|Any CPU.ActiveCfg = DebugAuto|Any CPU
		{3C1472AA-BD69-40E3-B226-0B172275FAB5}.DebugAuto|Any CPU.Build.0 = DebugAuto|Any CPU
		{3C1472AA-BD69-40E3-B226-0B172275FAB5}.DebugEbers|Any CPU.ActiveCfg = DebugEbers|Any CPU
		{3C1472AA-BD69-40E3-B226-0B172275FAB5}.DebugEbers|Any CPU.Build.0 = DebugEbers|Any CPU
		{3C1472AA-BD69-40E3-B226-0B172275FAB5}.DebugFlex|Any CPU.ActiveCfg = DebugFlex|Any CPU
		{3C1472AA-BD69-40E3-B226-0B172275FAB5}.DebugFlex|Any CPU.Build.0 = DebugFlex|Any CPU
		{3C1472AA-BD69-40E3-B226-0B172275FAB5}.DebugGraph|Any CPU.ActiveCfg = DebugGraph|Any CPU
		{3C1472AA-BD69-40E3-B226-0B172275FAB5}.DebugGraph|Any CPU.Build.0 = DebugGraph|Any CPU
		{3C1472AA-BD69-40E3-B226-0B172275FAB5}.DebugPeak|Any CPU.ActiveCfg = DebugPeak|Any CPU
		{3C1472AA-BD69-40E3-B226-0B172275FAB5}.DebugPeak|Any CPU.Build.0 = DebugPeak|Any CPU
		{3C1472AA-BD69-40E3-B226-0B172275FAB5}.DebugVCAN|Any CPU.ActiveCfg = DebugVCAN|Any CPU
		{3C1472AA-BD69-40E3-B226-0B172275FAB5}.DebugVCAN|Any CPU.Build.0 = DebugVCAN|Any CPU
		{3C1472AA-BD69-40E3-B226-0B172275FAB5}.None|Any CPU.ActiveCfg = DebugFlex|Any CPU
		{3C1472AA-BD69-40E3-B226-0B172275FAB5}.None|Any CPU.Build.0 = DebugFlex|Any CPU
		{3C1472AA-BD69-40E3-B226-0B172275FAB5}.Release PC Version|Any CPU.ActiveCfg = Release PC Version|Any CPU
		{3C1472AA-BD69-40E3-B226-0B172275FAB5}.Release PC Version|Any CPU.Build.0 = Release PC Version|Any CPU
		{3C1472AA-BD69-40E3-B226-0B172275FAB5}.Release_noNI|Any CPU.ActiveCfg = Release_noNI|Any CPU
		{3C1472AA-BD69-40E3-B226-0B172275FAB5}.Release_noNI|Any CPU.Build.0 = Release_noNI|Any CPU
		{3C1472AA-BD69-40E3-B226-0B172275FAB5}.Release|Any CPU.ActiveCfg = Release|Any CPU
		{3C1472AA-BD69-40E3-B226-0B172275FAB5}.Release|Any CPU.Build.0 = Release|Any CPU
		{3C1472AA-BD69-40E3-B226-0B172275FAB5}.ReleaseEbers|Any CPU.ActiveCfg = ReleaseEbers|Any CPU
		{3C1472AA-BD69-40E3-B226-0B172275FAB5}.ReleaseEbers|Any CPU.Build.0 = ReleaseEbers|Any CPU
		{3C1472AA-BD69-40E3-B226-0B172275FAB5}.ReleasePeak|Any CPU.ActiveCfg = ReleasePeak|Any CPU
		{3C1472AA-BD69-40E3-B226-0B172275FAB5}.ReleasePeak|Any CPU.Build.0 = ReleasePeak|Any CPU
	EndGlobalSection
	GlobalSection(SolutionProperties) = preSolution
		HideSolutionNode = FALSE
	EndGlobalSection
	GlobalSection(ExtensibilityGlobals) = postSolution
		SolutionGuid = {D79DF69A-02BE-4DB1-8A5E-13EC3713370F}
	EndGlobalSection
EndGlobal
