Microsoft Visual Studio Solution File, Format Version 11.00
# Visual Studio 2010
Project("{FAE04EC0-301F-11D3-BF4B-00C04F79EFBC}") = "Backup", "Backup.csproj", "{DD64551A-0F42-4606-82C3-0A98B502E3E2}"
	ProjectSection(ProjectDependencies) = postProject
		{3C1472AA-BD69-40E3-B226-0B172275FAB5} = {3C1472AA-BD69-40E3-B226-0B172275FAB5}
	EndProjectSection
EndProject
Project("{54435603-DBB4-11D2-8724-00A0C9A8B90C}") = "Setup", "Setup\Setup.vdproj", "{591A7D6D-E047-4832-AE99-8420529F5DF6}"
	ProjectSection(ProjectDependencies) = postProject
		{3C1472AA-BD69-40E3-B226-0B172275FAB5} = {3C1472AA-BD69-40E3-B226-0B172275FAB5}
	EndProjectSection
EndProject
Project("{FAE04EC0-301F-11D3-BF4B-00C04F79EFBC}") = "Shared", "..\shared\Shared.csproj", "{3C1472AA-BD69-40E3-B226-0B172275FAB5}"
EndProject
Global
	GlobalSection(SourceCodeControl) = preSolution
		SccNumberOfProjects = 4
		SccLocalPath0 = .
		SccProjectUniqueName1 = Backup.csproj
		SccLocalPath1 = .
		SccProjectUniqueName2 = Setup\\Setup.vdproj
		SccLocalPath2 = .
		SccProjectFilePathRelativizedFromConnection2 = Setup\\
		SccProjectUniqueName3 = ..\\shared\\Shared.csproj
		SccProjectName3 = \u0022$/data/project/CS/Shared\u0022,\u0020VVCAAAAA
		SccLocalPath3 = ..\\shared
	EndGlobalSection
	GlobalSection(SolutionConfigurationPlatforms) = preSolution
		Debug PC Version|Any CPU = Debug PC Version|Any CPU
		Debug|Any CPU = Debug|Any CPU
		None|Any CPU = None|Any CPU
		Release PC Version|Any CPU = Release PC Version|Any CPU
		Release|Any CPU = Release|Any CPU
	EndGlobalSection
	GlobalSection(ProjectConfigurationPlatforms) = postSolution
		{DD64551A-0F42-4606-82C3-0A98B502E3E2}.Debug PC Version|Any CPU.ActiveCfg = Debug|Any CPU
		{DD64551A-0F42-4606-82C3-0A98B502E3E2}.Debug PC Version|Any CPU.Build.0 = Debug|Any CPU
		{DD64551A-0F42-4606-82C3-0A98B502E3E2}.Debug|Any CPU.ActiveCfg = Debug|Any CPU
		{DD64551A-0F42-4606-82C3-0A98B502E3E2}.Debug|Any CPU.Build.0 = Debug|Any CPU
		{DD64551A-0F42-4606-82C3-0A98B502E3E2}.None|Any CPU.ActiveCfg = None|Any CPU
		{DD64551A-0F42-4606-82C3-0A98B502E3E2}.Release PC Version|Any CPU.ActiveCfg = Release|Any CPU
		{DD64551A-0F42-4606-82C3-0A98B502E3E2}.Release PC Version|Any CPU.Build.0 = Release|Any CPU
		{DD64551A-0F42-4606-82C3-0A98B502E3E2}.Release|Any CPU.ActiveCfg = Release|Any CPU
		{DD64551A-0F42-4606-82C3-0A98B502E3E2}.Release|Any CPU.Build.0 = Release|Any CPU
		{591A7D6D-E047-4832-AE99-8420529F5DF6}.Debug PC Version|Any CPU.ActiveCfg = Debug
		{591A7D6D-E047-4832-AE99-8420529F5DF6}.Debug PC Version|Any CPU.Build.0 = Debug
		{591A7D6D-E047-4832-AE99-8420529F5DF6}.Debug|Any CPU.ActiveCfg = Debug
		{591A7D6D-E047-4832-AE99-8420529F5DF6}.None|Any CPU.ActiveCfg = Release
		{591A7D6D-E047-4832-AE99-8420529F5DF6}.None|Any CPU.Build.0 = Release
		{591A7D6D-E047-4832-AE99-8420529F5DF6}.Release PC Version|Any CPU.ActiveCfg = Release
		{591A7D6D-E047-4832-AE99-8420529F5DF6}.Release PC Version|Any CPU.Build.0 = Release
		{591A7D6D-E047-4832-AE99-8420529F5DF6}.Release|Any CPU.ActiveCfg = Release
		{591A7D6D-E047-4832-AE99-8420529F5DF6}.Release|Any CPU.Build.0 = Release
		{3C1472AA-BD69-40E3-B226-0B172275FAB5}.Debug PC Version|Any CPU.ActiveCfg = Debug PC Version|Any CPU
		{3C1472AA-BD69-40E3-B226-0B172275FAB5}.Debug PC Version|Any CPU.Build.0 = Debug PC Version|Any CPU
		{3C1472AA-BD69-40E3-B226-0B172275FAB5}.Debug|Any CPU.ActiveCfg = Debug|Any CPU
		{3C1472AA-BD69-40E3-B226-0B172275FAB5}.Debug|Any CPU.Build.0 = Debug|Any CPU
		{3C1472AA-BD69-40E3-B226-0B172275FAB5}.None|Any CPU.ActiveCfg = Debug PC Version|Any CPU
		{3C1472AA-BD69-40E3-B226-0B172275FAB5}.None|Any CPU.Build.0 = Debug PC Version|Any CPU
		{3C1472AA-BD69-40E3-B226-0B172275FAB5}.Release PC Version|Any CPU.ActiveCfg = Release PC Version|Any CPU
		{3C1472AA-BD69-40E3-B226-0B172275FAB5}.Release PC Version|Any CPU.Build.0 = Release PC Version|Any CPU
		{3C1472AA-BD69-40E3-B226-0B172275FAB5}.Release|Any CPU.ActiveCfg = Release|Any CPU
		{3C1472AA-BD69-40E3-B226-0B172275FAB5}.Release|Any CPU.Build.0 = Release|Any CPU
	EndGlobalSection
	GlobalSection(SolutionProperties) = preSolution
		HideSolutionNode = FALSE
	EndGlobalSection
EndGlobal
